{
  "lockfileVersion": 1,
  "configVersion": 1,
  "workspaces": {
    "": {
      "name": "openhook-landing",
      "dependencies": {
        "react": "19.2.0",
        "react-dom": "19.2.0",
        "react-isokit": "0.4.0",
      },
    },
  },
  "packages": {
    "react": ["react@19.2.0", "", {}, "sha512-tmbWg6W31tQLeB5cdIBOicJDJRR2KzXsV7uSK9iNfLWQ5bIZfxuPEHp7M8wiHyHnn0DD1i7w3Zmin0FtkrwoCQ=="],

    "react-dom": ["react-dom@19.2.0", "", { "dependencies": { "scheduler": "^0.27.0" }, "peerDependencies": { "react": "^19.2.0" } }, "sha512-UlbRu4cAiGaIewkPyiRGJk0imDN2T3JjieT6spoL2UeSf5od4n5LB/mQ4ejmxhCFT1tYe8IvaFulzynWovsEFQ=="],

    "react-isokit": ["react-isokit@0.4.0", "", { "dependencies": { "zod": "^4.0.0" }, "peerDependencies": { "react": ">=18" } }, "sha512-ehv7bR7wlzpXfCE2kx/BdCpQ6c/qH03Libv5FoQimc50pR8R5Ug2eDCkqn8PGLuXHmKZLcUBZbop3mcZNNFs9Q=="],

    "scheduler": ["scheduler@0.27.0", "", {}, "sha512-eNv+WrVbKu1f3vbYJT/xtiF5syA5HPIMtf9IgY/nKg0sWqzAUEvqY/xm7OcZc/qafLx/iO9FgOmeSAp4v5ti/Q=="],

    "zod": ["zod@4.6.5", "", {}, "sha512-v5l/aFXZQeai4awLbOpSoHecE9UiMrnfx75tEXLjNonXVARxQ5mOeipTjROUchszUNCqnE+hqAMujRsRHsut2Q=="],
  }
}
